hash: 47791cd2f2f9bded89f7bda9d197f1a83493902b81c204b3b90ba62ac77abc65
updated: 2018-10-14T15:20:38.945371596+02:00
imports:
- name: github.com/anmitsu/go-shlex
  version: 648efa622239a2f6ff949fed78ee37b48d499ba4
- name: github.com/apex/log
  version: 941dea75d3ebfbdd905a5d8b7b232965c5e5c684
- name: github.com/gliderlabs/ssh
  version: d3a6756290240931faaf90ec97ddd5d9290623d8
- name: github.com/kr/pty
  version: db8e3cd836b82e82e0a9c8edc6896967dd31374f
- name: github.com/pkg/errors
  version: 645ef00459ed84a119197bfb8d8205042c6df63d
- name: golang.org/x/crypto
  version: 5bcd134fee4dd1475da17714aac19c0aa0142e2f
  subpackages:
  - curve25519
  - ed25519
  - ed25519/internal/edwards25519
  - ssh
testImports: []
